
Microsoft Visual Studio Solution File, Format Version 12.00
# Visual Studio 15
VisualStudioVersion = 15.0.27004.2008
MinimumVisualStudioVersion = 10.0.40219.1
Project("{FAE04EC0-301F-11D3-BF4B-00C04F79EFBC}") = "DLib", "DLib\DLib.csproj", "{FA780655-380A-4C71-9501-43381B534700}"
EndProject
Global
	GlobalSection(SolutionConfigurationPlatforms) = preSolution
		Debug|Any CPU = Debug|Any CPU
		Release|Any CPU = Release|Any CPU
	EndGlobalSection
	GlobalSection(ProjectConfigurationPlatforms) = postSolution
		{FA780655-380A-4C71-9501-43381B534700}.Debug|Any CPU.ActiveCfg = Debug|Any CPU
		{FA780655-380A-4C71-9501-43381B534700}.Debug|Any CPU.Build.0 = Debug|Any CPU
		{FA780655-380A-4C71-9501-43381B534700}.Release|Any CPU.ActiveCfg = Release|Any CPU
		{FA780655-380A-4C71-9501-43381B534700}.Release|Any CPU.Build.0 = Release|Any CPU
	EndGlobalSection
	GlobalSection(SolutionProperties) = preSolution
		HideSolutionNode = FALSE
	EndGlobalSection
	GlobalSection(ExtensibilityGlobals) = postSolution
		SolutionGuid = {D3C839B0-5141-4055-8EA8-4D3DFA57C197}
	EndGlobalSection
EndGlobal
